
Microsoft Visual Studio Solution File, Format Version 12.00
# Visual Studio Version 17
VisualStudioVersion = 17.4.33110.190
MinimumVisualStudioVersion = 10.0.40219.1
Project("{9A19103F-16F7-4668-BE54-9A1E7A4F7556}") = "MagicVilla_API", "MagicVilla_API\MagicVilla_API.csproj", "{40845820-B3A5-461A-B595-804A1C1179D0}"
EndProject
Project("{FAE04EC0-301F-11D3-BF4B-00C04F79EFBC}") = "MagicVilla_Web", "MagicVilla_Web\MagicVilla_Web.csproj", "{A294CAB3-E95F-4B13-93A5-83E605394EE2}"
EndProject
Project("{FAE04EC0-301F-11D3-BF4B-00C04F79EFBC}") = "MagicVilla_Utility", "MagicVilla_Utility\MagicVilla_Utility.csproj", "{F57C19D8-CD4A-4B73-98B0-DFEE6B2BE762}"
EndProject
Global
	GlobalSection(SolutionConfigurationPlatforms) = preSolution
		Debug|Any CPU = Debug|Any CPU
		Release|Any CPU = Release|Any CPU
	EndGlobalSection
	GlobalSection(ProjectConfigurationPlatforms) = postSolution
		{40845820-B3A5-461A-B595-804A1C1179D0}.Debug|Any CPU.ActiveCfg = Debug|Any CPU
		{40845820-B3A5-461A-B595-804A1C1179D0}.Debug|Any CPU.Build.0 = Debug|Any CPU
		{40845820-B3A5-461A-B595-804A1C1179D0}.Release|Any CPU.ActiveCfg = Release|Any CPU
		{40845820-B3A5-461A-B595-804A1C1179D0}.Release|Any CPU.Build.0 = Release|Any CPU
		{A294CAB3-E95F-4B13-93A5-83E605394EE2}.Debug|Any CPU.ActiveCfg = Debug|Any CPU
		{A294CAB3-E95F-4B13-93A5-83E605394EE2}.Debug|Any CPU.Build.0 = Debug|Any CPU
		{A294CAB3-E95F-4B13-93A5-83E605394EE2}.Release|Any CPU.ActiveCfg = Release|Any CPU
		{A294CAB3-E95F-4B13-93A5-83E605394EE2}.Release|Any CPU.Build.0 = Release|Any CPU
		{F57C19D8-CD4A-4B73-98B0-DFEE6B2BE762}.Debug|Any CPU.ActiveCfg = Debug|Any CPU
		{F57C19D8-CD4A-4B73-98B0-DFEE6B2BE762}.Debug|Any CPU.Build.0 = Debug|Any CPU
		{F57C19D8-CD4A-4B73-98B0-DFEE6B2BE762}.Release|Any CPU.ActiveCfg = Release|Any CPU
		{F57C19D8-CD4A-4B73-98B0-DFEE6B2BE762}.Release|Any CPU.Build.0 = Release|Any CPU
	EndGlobalSection
	GlobalSection(SolutionProperties) = preSolution
		HideSolutionNode = FALSE
	EndGlobalSection
	GlobalSection(ExtensibilityGlobals) = postSolution
		SolutionGuid = {98E07FC5-C601-4556-960E-B0DF9453F36A}
	EndGlobalSection
EndGlobal
